
Microsoft Visual Studio Solution File, Format Version 12.00
# Visual Studio 15
VisualStudioVersion = 15.0.27004.2002
MinimumVisualStudioVersion = 10.0.40219.1
Project("{FAE04EC0-301F-11D3-BF4B-00C04F79EFBC}") = "JwtVisualiser", "JwtVisualiser\JwtVisualiser.csproj", "{266EDD55-56E7-454E-B0E7-4524DA700F78}"
EndProject
Project("{FAE04EC0-301F-11D3-BF4B-00C04F79EFBC}") = "VisTEst", "VisTEst\VisTEst.csproj", "{FA0561F9-EEE8-4D85-ACAC-FD49CAE125DD}"
EndProject
Global
	GlobalSection(SolutionConfigurationPlatforms) = preSolution
		Debug|Any CPU = Debug|Any CPU
		Release|Any CPU = Release|Any CPU
	EndGlobalSection
	GlobalSection(ProjectConfigurationPlatforms) = postSolution
		{266EDD55-56E7-454E-B0E7-4524DA700F78}.Debug|Any CPU.ActiveCfg = Debug|Any CPU
		{266EDD55-56E7-454E-B0E7-4524DA700F78}.Debug|Any CPU.Build.0 = Debug|Any CPU
		{266EDD55-56E7-454E-B0E7-4524DA700F78}.Release|Any CPU.ActiveCfg = Release|Any CPU
		{266EDD55-56E7-454E-B0E7-4524DA700F78}.Release|Any CPU.Build.0 = Release|Any CPU
		{FA0561F9-EEE8-4D85-ACAC-FD49CAE125DD}.Debug|Any CPU.ActiveCfg = Debug|Any CPU
		{FA0561F9-EEE8-4D85-ACAC-FD49CAE125DD}.Debug|Any CPU.Build.0 = Debug|Any CPU
		{FA0561F9-EEE8-4D85-ACAC-FD49CAE125DD}.Release|Any CPU.ActiveCfg = Release|Any CPU
		{FA0561F9-EEE8-4D85-ACAC-FD49CAE125DD}.Release|Any CPU.Build.0 = Release|Any CPU
	EndGlobalSection
	GlobalSection(SolutionProperties) = preSolution
		HideSolutionNode = FALSE
	EndGlobalSection
	GlobalSection(ExtensibilityGlobals) = postSolution
		SolutionGuid = {D26451FB-E0F9-4E60-8523-6B811CC8BD4E}
	EndGlobalSection
EndGlobal
